// !$*UTF8*$!
{
	archiveVersion = 1;
	classes = {
	};
	objectVersion = 56;
	objects = {

/* Begin PBXBuildFile section */
		1A7943682B07052E00B48030 /* HomeView.swift in Sources */ = {isa = PBXBuildFile; fileRef = 1A7943672B07052E00B48030 /* HomeView.swift */; };
		1A79436A2B07053800B48030 /* IteneararyView.swift in Sources */ = {isa = PBXBuildFile; fileRef = 1A7943692B07053800B48030 /* IteneararyView.swift */; };
		1A8C2FF02B0AF73100ECD8BD /* Itenearary.swift in Sources */ = {isa = PBXBuildFile; fileRef = 1A8C2FEF2B0AF73100ECD8BD /* Itenearary.swift */; };
		1A8C2FF32B0AF7F800ECD8BD /* Location.swift in Sources */ = {isa = PBXBuildFile; fileRef = 1A8C2FF22B0AF7F800ECD8BD /* Location.swift */; };
		1A8C2FF52B0AF8FB00ECD8BD /* IteneararyManager.swift in Sources */ = {isa = PBXBuildFile; fileRef = 1A8C2FF42B0AF8FB00ECD8BD /* IteneararyManager.swift */; };
		1ABFE4D42B06F78300D5D306 /* Itenearary_plannerApp.swift in Sources */ = {isa = PBXBuildFile; fileRef = 1ABFE4D32B06F78300D5D306 /* Itenearary_plannerApp.swift */; };
		1ABFE4D62B06F78300D5D306 /* ContentView.swift in Sources */ = {isa = PBXBuildFile; fileRef = 1ABFE4D52B06F78300D5D306 /* ContentView.swift */; };
		1ABFE4D82B06F78400D5D306 /* Assets.xcassets in Resources */ = {isa = PBXBuildFile; fileRef = 1ABFE4D72B06F78400D5D306 /* Assets.xcassets */; };
		1ABFE4DC2B06F78400D5D306 /* Preview Assets.xcassets in Resources */ = {isa = PBXBuildFile; fileRef = 1ABFE4DB2B06F78400D5D306 /* Preview Assets.xcassets */; };
		1ACFF6BC2B070D6500D3978E /* NewIteneararyView.swift in Sources */ = {isa = PBXBuildFile; fileRef = 1ACFF6BB2B070D6500D3978E /* NewIteneararyView.swift */; };
/* End PBXBuildFile section */

/* Begin PBXFileReference section */
		1A7943672B07052E00B48030 /* HomeView.swift */ = {isa = PBXFileReference; lastKnownFileType = sourcecode.swift; path = HomeView.swift; sourceTree = "<group>"; };
		1A7943692B07053800B48030 /* IteneararyView.swift */ = {isa = PBXFileReference; lastKnownFileType = sourcecode.swift; path = IteneararyView.swift; sourceTree = "<group>"; };
		1A8C2FEF2B0AF73100ECD8BD /* Itenearary.swift */ = {isa = PBXFileReference; lastKnownFileType = sourcecode.swift; path = Itenearary.swift; sourceTree = "<group>"; };
		1A8C2FF22B0AF7F800ECD8BD /* Location.swift */ = {isa = PBXFileReference; lastKnownFileType = sourcecode.swift; path = Location.swift; sourceTree = "<group>"; };
		1A8C2FF42B0AF8FB00ECD8BD /* IteneararyManager.swift */ = {isa = PBXFileReference; lastKnownFileType = sourcecode.swift; path = IteneararyManager.swift; sourceTree = "<group>"; };
		1ABFE4D02B06F78300D5D306 /* Itenearary planner.app */ = {isa = PBXFileReference; explicitFileType = wrapper.application; includeInIndex = 0; path = "Itenearary planner.app"; sourceTree = BUILT_PRODUCTS_DIR; };
		1ABFE4D32B06F78300D5D306 /* Itenearary_plannerApp.swift */ = {isa = PBXFileReference; lastKnownFileType = sourcecode.swift; path = Itenearary_plannerApp.swift; sourceTree = "<group>"; };
		1ABFE4D52B06F78300D5D306 /* ContentView.swift */ = {isa = PBXFileReference; lastKnownFileType = sourcecode.swift; path = ContentView.swift; sourceTree = "<group>"; };
		1ABFE4D72B06F78400D5D306 /* Assets.xcassets */ = {isa = PBXFileReference; lastKnownFileType = folder.assetcatalog; path = Assets.xcassets; sourceTree = "<group>"; };
		1ABFE4D92B06F78400D5D306 /* Itenearary_planner.entitlements */ = {isa = PBXFileReference; lastKnownFileType = text.plist.entitlements; path = Itenearary_planner.entitlements; sourceTree = "<group>"; };
		1ABFE4DB2B06F78400D5D306 /* Preview Assets.xcassets */ = {isa = PBXFileReference; lastKnownFileType = folder.assetcatalog; path = "Preview Assets.xcassets"; sourceTree = "<group>"; };
		1ACFF6BB2B070D6500D3978E /* NewIteneararyView.swift */ = {isa = PBXFileReference; lastKnownFileType = sourcecode.swift; path = NewIteneararyView.swift; sourceTree = "<group>"; };
/* End PBXFileReference section */

/* Begin PBXFrameworksBuildPhase section */
		1ABFE4CD2B06F78300D5D306 /* Frameworks */ = {
			isa = PBXFrameworksBuildPhase;
			buildActionMask = 2147483647;
			files = (
			);
			runOnlyForDeploymentPostprocessing = 0;
		};
/* End PBXFrameworksBuildPhase section */

/* Begin PBXGroup section */
		1A8C2FEE2B0AF71500ECD8BD /* Views */ = {
			isa = PBXGroup;
			children = (
				1ABFE4D52B06F78300D5D306 /* ContentView.swift */,
				1A7943672B07052E00B48030 /* HomeView.swift */,
				1A7943692B07053800B48030 /* IteneararyView.swift */,
			);
			path = Views;
			sourceTree = "<group>";
		};
		1A8C2FF12B0AF74300ECD8BD /* Model and ViewModel */ = {
			isa = PBXGroup;
			children = (
				1A8C2FEF2B0AF73100ECD8BD /* Itenearary.swift */,
				1A8C2FF42B0AF8FB00ECD8BD /* IteneararyManager.swift */,
				1A8C2FF22B0AF7F800ECD8BD /* Location.swift */,
			);
			path = "Model and ViewModel";
			sourceTree = "<group>";
		};
		1ABFE4C72B06F78300D5D306 = {
			isa = PBXGroup;
			children = (
				1ABFE4D22B06F78300D5D306 /* Itenearary planner */,
				1ABFE4D12B06F78300D5D306 /* Products */,
			);
			sourceTree = "<group>";
		};
		1ABFE4D12B06F78300D5D306 /* Products */ = {
			isa = PBXGroup;
			children = (
				1ABFE4D02B06F78300D5D306 /* Itenearary planner.app */,
			);
			name = Products;
			sourceTree = "<group>";
		};
		1ABFE4D22B06F78300D5D306 /* Itenearary planner */ = {
			isa = PBXGroup;
			children = (
				1ACFF6BB2B070D6500D3978E /* NewIteneararyView.swift */,
				1ABFE4D32B06F78300D5D306 /* Itenearary_plannerApp.swift */,
				1A8C2FF12B0AF74300ECD8BD /* Model and ViewModel */,
				1A8C2FEE2B0AF71500ECD8BD /* Views */,
				1ABFE4D72B06F78400D5D306 /* Assets.xcassets */,
				1ABFE4D92B06F78400D5D306 /* Itenearary_planner.entitlements */,
				1ABFE4DA2B06F78400D5D306 /* Preview Content */,
			);
			path = "Itenearary planner";
			sourceTree = "<group>";
		};
		1ABFE4DA2B06F78400D5D306 /* Preview Content */ = {
			isa = PBXGroup;
			children = (
				1ABFE4DB2B06F78400D5D306 /* Preview Assets.xcassets */,
			);
			path = "Preview Content";
			sourceTree = "<group>";
		};
/* End PBXGroup section */

/* Begin PBXNativeTarget section */
		1ABFE4CF2B06F78300D5D306 /* Itenearary planner */ = {
			isa = PBXNativeTarget;
			buildConfigurationList = 1ABFE4DF2B06F78400D5D306 /* Build configuration list for PBXNativeTarget "Itenearary planner" */;
			buildPhases = (
				1ABFE4CC2B06F78300D5D306 /* Sources */,
				1ABFE4CD2B06F78300D5D306 /* Frameworks */,
				1ABFE4CE2B06F78300D5D306 /* Resources */,
			);
			buildRules = (
			);
			dependencies = (
			);
			name = "Itenearary planner";
			productName = "Itenearary planner";
			productReference = 1ABFE4D02B06F78300D5D306 /* Itenearary planner.app */;
			productType = "com.apple.product-type.application";
		};
/* End PBXNativeTarget section */

/* Begin PBXProject section */
		1ABFE4C82B06F78300D5D306 /* Project object */ = {
			isa = PBXProject;
			attributes = {
				BuildIndependentTargetsInParallel = 1;
				LastSwiftUpdateCheck = 1500;
				LastUpgradeCheck = 1500;
				TargetAttributes = {
					1ABFE4CF2B06F78300D5D306 = {
						CreatedOnToolsVersion = 15.0;
					};
				};
			};
			buildConfigurationList = 1ABFE4CB2B06F78300D5D306 /* Build configuration list for PBXProject "Itenearary planner" */;
			compatibilityVersion = "Xcode 14.0";
			developmentRegion = en;
			hasScannedForEncodings = 0;
			knownRegions = (
				en,
				Base,
			);
			mainGroup = 1ABFE4C72B06F78300D5D306;
			productRefGroup = 1ABFE4D12B06F78300D5D306 /* Products */;
			projectDirPath = "";
			projectRoot = "";
			targets = (
				1ABFE4CF2B06F78300D5D306 /* Itenearary planner */,
			);
		};
/* End PBXProject section */

/* Begin PBXResourcesBuildPhase section */
		1ABFE4CE2B06F78300D5D306 /* Resources */ = {
			isa = PBXResourcesBuildPhase;
			buildActionMask = 2147483647;
			files = (
				1ABFE4DC2B06F78400D5D306 /* Preview Assets.xcassets in Resources */,
				1ABFE4D82B06F78400D5D306 /* Assets.xcassets in Resources */,
			);
			runOnlyForDeploymentPostprocessing = 0;
		};
/* End PBXResourcesBuildPhase section */

/* Begin PBXSourcesBuildPhase section */
		1ABFE4CC2B06F78300D5D306 /* Sources */ = {
			isa = PBXSourcesBuildPhase;
			buildActionMask = 2147483647;
			files = (
				1A7943682B07052E00B48030 /* HomeView.swift in Sources */,
				1A8C2FF52B0AF8FB00ECD8BD /* IteneararyManager.swift in Sources */,
				1ABFE4D62B06F78300D5D306 /* ContentView.swift in Sources */,
				1ACFF6BC2B070D6500D3978E /* NewIteneararyView.swift in Sources */,
				1A79436A2B07053800B48030 /* IteneararyView.swift in Sources */,
				1ABFE4D42B06F78300D5D306 /* Itenearary_plannerApp.swift in Sources */,
				1A8C2FF02B0AF73100ECD8BD /* Itenearary.swift in Sources */,
				1A8C2FF32B0AF7F800ECD8BD /* Location.swift in Sources */,
			);
			runOnlyForDeploymentPostprocessing = 0;
		};
/* End PBXSourcesBuildPhase section */

/* Begin XCBuildConfiguration section */
		1ABFE4DD2B06F78400D5D306 /* Debug */ = {
			isa = XCBuildConfiguration;
			buildSettings = {
				ALWAYS_SEARCH_USER_PATHS = NO;
				ASSETCATALOG_COMPILER_GENERATE_SWIFT_ASSET_SYMBOL_EXTENSIONS = YES;
				CLANG_ANALYZER_NONNULL = YES;
				CLANG_ANALYZER_NUMBER_OBJECT_CONVERSION = YES_AGGRESSIVE;
				CLANG_CXX_LANGUAGE_STANDARD = "gnu++20";
				CLANG_ENABLE_MODULES = YES;
				CLANG_ENABLE_OBJC_ARC = YES;
				CLANG_ENABLE_OBJC_WEAK = YES;
				CLANG_WARN_BLOCK_CAPTURE_AUTORELEASING = YES;
				CLANG_WARN_BOOL_CONVERSION = YES;
				CLANG_WARN_COMMA = YES;
				CLANG_WARN_CONSTANT_CONVERSION = YES;
				CLANG_WARN_DEPRECATED_OBJC_IMPLEMENTATIONS = YES;
				CLANG_WARN_DIRECT_OBJC_ISA_USAGE = YES_ERROR;
				CLANG_WARN_DOCUMENTATION_COMMENTS = YES;
				CLANG_WARN_EMPTY_BODY = YES;
				CLANG_WARN_ENUM_CONVERSION = YES;
				CLANG_WARN_INFINITE_RECURSION = YES;
				CLANG_WARN_INT_CONVERSION = YES;
				CLANG_WARN_NON_LITERAL_NULL_CONVERSION = YES;
				CLANG_WARN_OBJC_IMPLICIT_RETAIN_SELF = YES;
				CLANG_WARN_OBJC_LITERAL_CONVERSION = YES;
				CLANG_WARN_OBJC_ROOT_CLASS = YES_ERROR;
				CLANG_WARN_QUOTED_INCLUDE_IN_FRAMEWORK_HEADER = YES;
				CLANG_WARN_RANGE_LOOP_ANALYSIS = YES;
				CLANG_WARN_STRICT_PROTOTYPES = YES;
				CLANG_WARN_SUSPICIOUS_MOVE = YES;
				CLANG_WARN_UNGUARDED_AVAILABILITY = YES_AGGRESSIVE;
				CLANG_WARN_UNREACHABLE_CODE = YES;
				CLANG_WARN__DUPLICATE_METHOD_MATCH = YES;
				COPY_PHASE_STRIP = NO;
				DEBUG_INFORMATION_FORMAT = dwarf;
				ENABLE_STRICT_OBJC_MSGSEND = YES;
				ENABLE_TESTABILITY = YES;
				ENABLE_USER_SCRIPT_SANDBOXING = YES;
				GCC_C_LANGUAGE_STANDARD = gnu17;
				GCC_DYNAMIC_NO_PIC = NO;
				GCC_NO_COMMON_BLOCKS = YES;
				GCC_OPTIMIZATION_LEVEL = 0;
				GCC_PREPROCESSOR_DEFINITIONS = (
					"DEBUG=1",
					"$(inherited)",
				);
				GCC_WARN_64_TO_32_BIT_CONVERSION = YES;
				GCC_WARN_ABOUT_RETURN_TYPE = YES_ERROR;
				GCC_WARN_UNDECLARED_SELECTOR = YES;
				GCC_WARN_UNINITIALIZED_AUTOS = YES_AGGRESSIVE;
				GCC_WARN_UNUSED_FUNCTION = YES;
				GCC_WARN_UNUSED_VARIABLE = YES;
				LOCALIZATION_PREFERS_STRING_CATALOGS = YES;
				MTL_ENABLE_DEBUG_INFO = INCLUDE_SOURCE;
				MTL_FAST_MATH = YES;
				ONLY_ACTIVE_ARCH = YES;
				SWIFT_ACTIVE_COMPILATION_CONDITIONS = "DEBUG $(inherited)";
				SWIFT_OPTIMIZATION_LEVEL = "-Onone";
			};
			name = Debug;
		};
		1ABFE4DE2B06F78400D5D306 /* Release */ = {
			isa = XCBuildConfiguration;
			buildSettings = {
				ALWAYS_SEARCH_USER_PATHS = NO;
				ASSETCATALOG_COMPILER_GENERATE_SWIFT_ASSET_SYMBOL_EXTENSIONS = YES;
				CLANG_ANALYZER_NONNULL = YES;
				CLANG_ANALYZER_NUMBER_OBJECT_CONVERSION = YES_AGGRESSIVE;
				CLANG_CXX_LANGUAGE_STANDARD = "gnu++20";
				CLANG_ENABLE_MODULES = YES;
				CLANG_ENABLE_OBJC_ARC = YES;
				CLANG_ENABLE_OBJC_WEAK = YES;
				CLANG_WARN_BLOCK_CAPTURE_AUTORELEASING = YES;
				CLANG_WARN_BOOL_CONVERSION = YES;
				CLANG_WARN_COMMA = YES;
				CLANG_WARN_CONSTANT_CONVERSION = YES;
				CLANG_WARN_DEPRECATED_OBJC_IMPLEMENTATIONS = YES;
				CLANG_WARN_DIRECT_OBJC_ISA_USAGE = YES_ERROR;
				CLANG_WARN_DOCUMENTATION_COMMENTS = YES;
				CLANG_WARN_EMPTY_BODY = YES;
				CLANG_WARN_ENUM_CONVERSION = YES;
				CLANG_WARN_INFINITE_RECURSION = YES;
				CLANG_WARN_INT_CONVERSION = YES;
				CLANG_WARN_NON_LITERAL_NULL_CONVERSION = YES;
				CLANG_WARN_OBJC_IMPLICIT_RETAIN_SELF = YES;
				CLANG_WARN_OBJC_LITERAL_CONVERSION = YES;
				CLANG_WARN_OBJC_ROOT_CLASS = YES_ERROR;
				CLANG_WARN_QUOTED_INCLUDE_IN_FRAMEWORK_HEADER = YES;
				CLANG_WARN_RANGE_LOOP_ANALYSIS = YES;
				CLANG_WARN_STRICT_PROTOTYPES = YES;
				CLANG_WARN_SUSPICIOUS_MOVE = YES;
				CLANG_WARN_UNGUARDED_AVAILABILITY = YES_AGGRESSIVE;
				CLANG_WARN_UNREACHABLE_CODE = YES;
				CLANG_WARN__DUPLICATE_METHOD_MATCH = YES;
				COPY_PHASE_STRIP = NO;
				DEBUG_INFORMATION_FORMAT = "dwarf-with-dsym";
				ENABLE_NS_ASSERTIONS = NO;
				ENABLE_STRICT_OBJC_MSGSEND = YES;
				ENABLE_USER_SCRIPT_SANDBOXING = YES;
				GCC_C_LANGUAGE_STANDARD = gnu17;
				GCC_NO_COMMON_BLOCKS = YES;
				GCC_WARN_64_TO_32_BIT_CONVERSION = YES;
				GCC_WARN_ABOUT_RETURN_TYPE = YES_ERROR;
				GCC_WARN_UNDECLARED_SELECTOR = YES;
				GCC_WARN_UNINITIALIZED_AUTOS = YES_AGGRESSIVE;
				GCC_WARN_UNUSED_FUNCTION = YES;
				GCC_WARN_UNUSED_VARIABLE = YES;
				LOCALIZATION_PREFERS_STRING_CATALOGS = YES;
				MTL_ENABLE_DEBUG_INFO = NO;
				MTL_FAST_MATH = YES;
				SWIFT_COMPILATION_MODE = wholemodule;
			};
			name = Release;
		};
		1ABFE4E02B06F78400D5D306 /* Debug */ = {
			isa = XCBuildConfiguration;
			buildSettings = {
				ASSETCATALOG_COMPILER_APPICON_NAME = AppIcon;
				ASSETCATALOG_COMPILER_GLOBAL_ACCENT_COLOR_NAME = AccentColor;
				CODE_SIGN_ENTITLEMENTS = "Itenearary planner/Itenearary_planner.entitlements";
				CODE_SIGN_STYLE = Automatic;
				CURRENT_PROJECT_VERSION = 1;
				DEVELOPMENT_ASSET_PATHS = "\"Itenearary planner/Preview Content\"";
				DEVELOPMENT_TEAM = YM723CPT4R;
				ENABLE_HARDENED_RUNTIME = YES;
				ENABLE_PREVIEWS = YES;
				GENERATE_INFOPLIST_FILE = YES;
				"INFOPLIST_KEY_UIApplicationSceneManifest_Generation[sdk=iphoneos*]" = YES;
				"INFOPLIST_KEY_UIApplicationSceneManifest_Generation[sdk=iphonesimulator*]" = YES;
				"INFOPLIST_KEY_UIApplicationSupportsIndirectInputEvents[sdk=iphoneos*]" = YES;
				"INFOPLIST_KEY_UIApplicationSupportsIndirectInputEvents[sdk=iphonesimulator*]" = YES;
				"INFOPLIST_KEY_UILaunchScreen_Generation[sdk=iphoneos*]" = YES;
				"INFOPLIST_KEY_UILaunchScreen_Generation[sdk=iphonesimulator*]" = YES;
				"INFOPLIST_KEY_UIStatusBarStyle[sdk=iphoneos*]" = UIStatusBarStyleDefault;
				"INFOPLIST_KEY_UIStatusBarStyle[sdk=iphonesimulator*]" = UIStatusBarStyleDefault;
				INFOPLIST_KEY_UISupportedInterfaceOrientations_iPad = "UIInterfaceOrientationPortrait UIInterfaceOrientationPortraitUpsideDown UIInterfaceOrientationLandscapeLeft UIInterfaceOrientationLandscapeRight";
				INFOPLIST_KEY_UISupportedInterfaceOrientations_iPhone = "UIInterfaceOrientationPortrait UIInterfaceOrientationLandscapeLeft UIInterfaceOrientationLandscapeRight";
				IPHONEOS_DEPLOYMENT_TARGET = 17.0;
				LD_RUNPATH_SEARCH_PATHS = "@executable_path/Frameworks";
				"LD_RUNPATH_SEARCH_PATHS[sdk=macosx*]" = "@executable_path/../Frameworks";
				MACOSX_DEPLOYMENT_TARGET = 14.0;
				MARKETING_VERSION = 1.0;
				PRODUCT_BUNDLE_IDENTIFIER = "com.james.Itenearary-planner";
				PRODUCT_NAME = "$(TARGET_NAME)";
				SDKROOT = auto;
				SUPPORTED_PLATFORMS = "iphoneos iphonesimulator macosx";
				SWIFT_EMIT_LOC_STRINGS = YES;
				SWIFT_VERSION = 5.0;
				TARGETED_DEVICE_FAMILY = "1,2";
			};
			name = Debug;
		};
		1ABFE4E12B06F78400D5D306 /* Release */ = {
			isa = XCBuildConfiguration;
			buildSettings = {
				ASSETCATALOG_COMPILER_APPICON_NAME = AppIcon;
				ASSETCATALOG_COMPILER_GLOBAL_ACCENT_COLOR_NAME = AccentColor;
				CODE_SIGN_ENTITLEMENTS = "Itenearary planner/Itenearary_planner.entitlements";
				CODE_SIGN_STYLE = Automatic;
				CURRENT_PROJECT_VERSION = 1;
				DEVELOPMENT_ASSET_PATHS = "\"Itenearary planner/Preview Content\"";
				DEVELOPMENT_TEAM = YM723CPT4R;
				ENABLE_HARDENED_RUNTIME = YES;
				ENABLE_PREVIEWS = YES;
				GENERATE_INFOPLIST_FILE = YES;
				"INFOPLIST_KEY_UIApplicationSceneManifest_Generation[sdk=iphoneos*]" = YES;
				"INFOPLIST_KEY_UIApplicationSceneManifest_Generation[sdk=iphonesimulator*]" = YES;
				"INFOPLIST_KEY_UIApplicationSupportsIndirectInputEvents[sdk=iphoneos*]" = YES;
				"INFOPLIST_KEY_UIApplicationSupportsIndirectInputEvents[sdk=iphonesimulator*]" = YES;
				"INFOPLIST_KEY_UILaunchScreen_Generation[sdk=iphoneos*]" = YES;
				"INFOPLIST_KEY_UILaunchScreen_Generation[sdk=iphonesimulator*]" = YES;
				"INFOPLIST_KEY_UIStatusBarStyle[sdk=iphoneos*]" = UIStatusBarStyleDefault;
				"INFOPLIST_KEY_UIStatusBarStyle[sdk=iphonesimulator*]" = UIStatusBarStyleDefault;
				INFOPLIST_KEY_UISupportedInterfaceOrientations_iPad = "UIInterfaceOrientationPortrait UIInterfaceOrientationPortraitUpsideDown UIInterfaceOrientationLandscapeLeft UIInterfaceOrientationLandscapeRight";
				INFOPLIST_KEY_UISupportedInterfaceOrientations_iPhone = "UIInterfaceOrientationPortrait UIInterfaceOrientationLandscapeLeft UIInterfaceOrientationLandscapeRight";
				IPHONEOS_DEPLOYMENT_TARGET = 17.0;
				LD_RUNPATH_SEARCH_PATHS = "@executable_path/Frameworks";
				"LD_RUNPATH_SEARCH_PATHS[sdk=macosx*]" = "@executable_path/../Frameworks";
				MACOSX_DEPLOYMENT_TARGET = 14.0;
				MARKETING_VERSION = 1.0;
				PRODUCT_BUNDLE_IDENTIFIER = "com.james.Itenearary-planner";
				PRODUCT_NAME = "$(TARGET_NAME)";
				SDKROOT = auto;
				SUPPORTED_PLATFORMS = "iphoneos iphonesimulator macosx";
				SWIFT_EMIT_LOC_STRINGS = YES;
				SWIFT_VERSION = 5.0;
				TARGETED_DEVICE_FAMILY = "1,2";
			};
			name = Release;
		};
/* End XCBuildConfiguration section */

/* Begin XCConfigurationList section */
		1ABFE4CB2B06F78300D5D306 /* Build configuration list for PBXProject "Itenearary planner" */ = {
			isa = XCConfigurationList;
			buildConfigurations = (
				1ABFE4DD2B06F78400D5D306 /* Debug */,
				1ABFE4DE2B06F78400D5D306 /* Release */,
			);
			defaultConfigurationIsVisible = 0;
			defaultConfigurationName = Release;
		};
		1ABFE4DF2B06F78400D5D306 /* Build configuration list for PBXNativeTarget "Itenearary planner" */ = {
			isa = XCConfigurationList;
			buildConfigurations = (
				1ABFE4E02B06F78400D5D306 /* Debug */,
				1ABFE4E12B06F78400D5D306 /* Release */,
			);
			defaultConfigurationIsVisible = 0;
			defaultConfigurationName = Release;
		};
/* End XCConfigurationList section */
	};
	rootObject = 1ABFE4C82B06F78300D5D306 /* Project object */;
}
